
Microsoft Visual Studio Solution File, Format Version 12.00
# Visual Studio Version 17
VisualStudioVersion = 17.0.31912.275
MinimumVisualStudioVersion = 10.0.40219.1
Project("{9A19103F-16F7-4668-BE54-9A1E7A4F7556}") = "NetworkDashboard", "NetworkDashboard\NetworkDashboard.csproj", "{EE77D435-5C94-4B29-852F-9978035C4D50}"
EndProject
Project("{9A19103F-16F7-4668-BE54-9A1E7A4F7556}") = "NDDevicePoller", "NDDevicePoller\NDDevicePoller.csproj", "{C81BD6F2-714F-4E0F-8482-E8C6A6C319F6}"
EndProject
Project("{FAE04EC0-301F-11D3-BF4B-00C04F79EFBC}") = "NetworkDashboardTests", "NetworkDashboardTests\NetworkDashboardTests.csproj", "{82B5AA99-0C4F-48B2-B90E-38EC35A2813C}"
EndProject
Global
	GlobalSection(SolutionConfigurationPlatforms) = preSolution
		Debug|Any CPU = Debug|Any CPU
		Release|Any CPU = Release|Any CPU
	EndGlobalSection
	GlobalSection(ProjectConfigurationPlatforms) = postSolution
		{EE77D435-5C94-4B29-852F-9978035C4D50}.Debug|Any CPU.ActiveCfg = Debug|Any CPU
		{EE77D435-5C94-4B29-852F-9978035C4D50}.Debug|Any CPU.Build.0 = Debug|Any CPU
		{EE77D435-5C94-4B29-852F-9978035C4D50}.Release|Any CPU.ActiveCfg = Release|Any CPU
		{EE77D435-5C94-4B29-852F-9978035C4D50}.Release|Any CPU.Build.0 = Release|Any CPU
		{C81BD6F2-714F-4E0F-8482-E8C6A6C319F6}.Debug|Any CPU.ActiveCfg = Debug|Any CPU
		{C81BD6F2-714F-4E0F-8482-E8C6A6C319F6}.Debug|Any CPU.Build.0 = Debug|Any CPU
		{C81BD6F2-714F-4E0F-8482-E8C6A6C319F6}.Release|Any CPU.ActiveCfg = Release|Any CPU
		{C81BD6F2-714F-4E0F-8482-E8C6A6C319F6}.Release|Any CPU.Build.0 = Release|Any CPU
		{82B5AA99-0C4F-48B2-B90E-38EC35A2813C}.Debug|Any CPU.ActiveCfg = Debug|Any CPU
		{82B5AA99-0C4F-48B2-B90E-38EC35A2813C}.Debug|Any CPU.Build.0 = Debug|Any CPU
		{82B5AA99-0C4F-48B2-B90E-38EC35A2813C}.Release|Any CPU.ActiveCfg = Release|Any CPU
		{82B5AA99-0C4F-48B2-B90E-38EC35A2813C}.Release|Any CPU.Build.0 = Release|Any CPU
	EndGlobalSection
	GlobalSection(SolutionProperties) = preSolution
		HideSolutionNode = FALSE
	EndGlobalSection
	GlobalSection(ExtensibilityGlobals) = postSolution
		SolutionGuid = {8B480CBF-1E39-4F2C-BBBA-07B4C00ACB50}
	EndGlobalSection
EndGlobal
